
Microsoft Visual Studio Solution File, Format Version 12.00
Project("{FAE04EC0-301F-11D3-BF4B-00C04F79EFBC}") = "NuPut", "NuPut\NuPut.csproj", "{ADB24907-0C6C-4A37-BEDA-7505CA3E271D}"
EndProject
Global
	GlobalSection(SolutionConfigurationPlatforms) = preSolution
		Debug|Any CPU = Debug|Any CPU
		Release|Any CPU = Release|Any CPU
	EndGlobalSection
	GlobalSection(ProjectConfigurationPlatforms) = postSolution
		{ADB24907-0C6C-4A37-BEDA-7505CA3E271D}.Debug|Any CPU.ActiveCfg = Debug|Any CPU
		{ADB24907-0C6C-4A37-BEDA-7505CA3E271D}.Debug|Any CPU.Build.0 = Debug|Any CPU
		{ADB24907-0C6C-4A37-BEDA-7505CA3E271D}.Release|Any CPU.ActiveCfg = Release|Any CPU
		{ADB24907-0C6C-4A37-BEDA-7505CA3E271D}.Release|Any CPU.Build.0 = Release|Any CPU
	EndGlobalSection
EndGlobal
